{
  "name": "nexushub-client",
  "version": "1.0.0",
  "lockfileVersion": 1,
  "requires": true,
  "dependencies": {
    "async-delay-queue": {
      "version": "1.0.11",
      "resolved": "https://registry.npmjs.org/async-delay-queue/-/async-delay-queue-1.0.11.tgz",
      "integrity": "sha512-6hvLDHWGy37Jui7X2yh9HbgoaQrai6h68jUTPdFtpZKFVaYPSknrhrz1ZLZFSaKOCS8R7Sso5LGMPQ36dOREWw=="
    },
    "async-limiter": {
      "version": "1.0.0",
      "resolved": "https://registry.npmjs.org/async-limiter/-/async-limiter-1.0.0.tgz",
      "integrity": "sha512-jp/uFnooOiO+L211eZOoSyzpOITMXx1rBITauYykG3BRYPu8h0UcxsPNB04RR5vo4Tyz3+ay17tR6JVf9qzYWg=="
    },
    "cubic-client": {
      "version": "2.0.2",
      "resolved": "https://registry.npmjs.org/cubic-client/-/cubic-client-2.0.2.tgz",
      "integrity": "sha512-0jI9AOWjUA14ASKiBlVdkjZ7B3W1lMIKbTTOtHXEJVUQ9tScWU6UmxJwY/Lr0Ny7io6pYimNJ/K+wRHXJZg8sw==",
      "requires": {
        "async-delay-queue": "^1.0.11",
        "ws": "^6.1.0"
      }
    },
    "ws": {
      "version": "6.1.0",
      "resolved": "https://registry.npmjs.org/ws/-/ws-6.1.0.tgz",
      "integrity": "sha512-H3dGVdGvW2H8bnYpIDc3u3LH8Wue3Qh+Zto6aXXFzvESkTVT6rAfKR6tR/+coaUvxs8yHtmNV0uioBF62ZGSTg==",
      "requires": {
        "async-limiter": "~1.0.0"
      }
    }
  }
}
